<Solution>
  <Folder Name="/perf/">
    <Project Path="perf/LoadBenchmark/LoadBenchmark.csproj" />
  </Folder>
  <Folder Name="/src/">
    <Project Path="src/Desk.Api/Desk.Api.csproj" />
    <Project Path="src/Desk.Data/Desk.Data.csproj" />
    <Project Path="src/Desk.Seeder/Desk.Seeder.csproj" />
  </Folder>
  <Folder Name="/tests/">
    <Project Path="tests/Desk.Api.Tests/Desk.Api.Tests.csproj" />
    <Project Path="tests/Desk.Data.Tests/Desk.Data.Tests.csproj" />
    <Project Path="tests/Desk.Seeder.Tests/Desk.Seeder.Tests.csproj" />
  </Folder>
</Solution>
